
Microsoft Visual Studio Solution File, Format Version 12.00
# Visual Studio Version 17
VisualStudioVersion = 17.1.32407.343
MinimumVisualStudioVersion = 10.0.40219.1
Project("{FAE04EC0-301F-11D3-BF4B-00C04F79EFBC}") = "Grid_and_CRUD", "Grid_and_CRUD.csproj", "{91E8155C-C335-4D63-B455-330B73205943}"
EndProject
Global
	GlobalSection(SolutionConfigurationPlatforms) = preSolution
		Debug|Any CPU = Debug|Any CPU
		Release|Any CPU = Release|Any CPU
	EndGlobalSection
	GlobalSection(ProjectConfigurationPlatforms) = postSolution
		{91E8155C-C335-4D63-B455-330B73205943}.Debug|Any CPU.ActiveCfg = Debug|Any CPU
		{91E8155C-C335-4D63-B455-330B73205943}.Debug|Any CPU.Build.0 = Debug|Any CPU
		{91E8155C-C335-4D63-B455-330B73205943}.Release|Any CPU.ActiveCfg = Release|Any CPU
		{91E8155C-C335-4D63-B455-330B73205943}.Release|Any CPU.Build.0 = Release|Any CPU
	EndGlobalSection
	GlobalSection(SolutionProperties) = preSolution
		HideSolutionNode = FALSE
	EndGlobalSection
	GlobalSection(ExtensibilityGlobals) = postSolution
		SolutionGuid = {AD8627B7-184E-4D5C-9EFD-AF7E73D33FD9}
	EndGlobalSection
EndGlobal
